
Microsoft Visual Studio Solution File, Format Version 12.00
# Visual Studio 15
VisualStudioVersion = 15.0.28307.1062
MinimumVisualStudioVersion = 10.0.40219.1
Project("{8BC9CEB8-8B4A-11D0-8D11-00A0C91BC942}") = "判斷三角形種類", "判斷三角形種類\判斷三角形種類.vcxproj", "{AE6333F7-5B78-4CAB-88DB-A76F091D3482}"
EndProject
Global
	GlobalSection(SolutionConfigurationPlatforms) = preSolution
		Debug|x64 = Debug|x64
		Debug|x86 = Debug|x86
		Release|x64 = Release|x64
		Release|x86 = Release|x86
	EndGlobalSection
	GlobalSection(ProjectConfigurationPlatforms) = postSolution
		{AE6333F7-5B78-4CAB-88DB-A76F091D3482}.Debug|x64.ActiveCfg = Debug|x64
		{AE6333F7-5B78-4CAB-88DB-A76F091D3482}.Debug|x64.Build.0 = Debug|x64
		{AE6333F7-5B78-4CAB-88DB-A76F091D3482}.Debug|x86.ActiveCfg = Debug|Win32
		{AE6333F7-5B78-4CAB-88DB-A76F091D3482}.Debug|x86.Build.0 = Debug|Win32
		{AE6333F7-5B78-4CAB-88DB-A76F091D3482}.Release|x64.ActiveCfg = Release|x64
		{AE6333F7-5B78-4CAB-88DB-A76F091D3482}.Release|x64.Build.0 = Release|x64
		{AE6333F7-5B78-4CAB-88DB-A76F091D3482}.Release|x86.ActiveCfg = Release|Win32
		{AE6333F7-5B78-4CAB-88DB-A76F091D3482}.Release|x86.Build.0 = Release|Win32
	EndGlobalSection
	GlobalSection(SolutionProperties) = preSolution
		HideSolutionNode = FALSE
	EndGlobalSection
	GlobalSection(ExtensibilityGlobals) = postSolution
		SolutionGuid = {DBC2235E-A31C-42EF-926B-DBF88B57EFEA}
	EndGlobalSection
EndGlobal
